
Microsoft Visual Studio Solution File, Format Version 12.00
Project("{FAE04EC0-301F-11D3-BF4B-00C04F79EFBC}") = "RpgGame", "RpgGame\RpgGame.csproj", "{23B1A2C0-1B80-4D9B-9837-A7CB80FD082F}"
EndProject
Project("{2150E333-8FDC-42A3-9474-1A3956D46DE8}") = "Solution Items", "Solution Items", "{E9A102D6-2F5E-471A-9BAB-9C807BA738B2}"
	ProjectSection(SolutionItems) = preProject
		README.md = README.md
		LICENSE.md = LICENSE.md
	EndProjectSection
EndProject
Global
	GlobalSection(SolutionConfigurationPlatforms) = preSolution
		Debug|Any CPU = Debug|Any CPU
		Release|Any CPU = Release|Any CPU
	EndGlobalSection
	GlobalSection(ProjectConfigurationPlatforms) = postSolution
		{23B1A2C0-1B80-4D9B-9837-A7CB80FD082F}.Debug|Any CPU.ActiveCfg = Debug|Any CPU
		{23B1A2C0-1B80-4D9B-9837-A7CB80FD082F}.Debug|Any CPU.Build.0 = Debug|Any CPU
		{23B1A2C0-1B80-4D9B-9837-A7CB80FD082F}.Release|Any CPU.ActiveCfg = Release|Any CPU
		{23B1A2C0-1B80-4D9B-9837-A7CB80FD082F}.Release|Any CPU.Build.0 = Release|Any CPU
	EndGlobalSection
EndGlobal
